
Microsoft Visual Studio Solution File, Format Version 12.00
# Visual Studio Version 17
VisualStudioVersion = 17.13.35825.156 d17.13
MinimumVisualStudioVersion = 10.0.40219.1
Project("{FAE04EC0-301F-11D3-BF4B-00C04F79EFBC}") = "Mini-Project-Week12", "Mini-Project-Week12\Mini-Project-Week12.csproj", "{157D60A9-15C3-4333-B2A3-0472FF3BEF02}"
EndProject
Global
	GlobalSection(SolutionConfigurationPlatforms) = preSolution
		Debug|Any CPU = Debug|Any CPU
		Release|Any CPU = Release|Any CPU
	EndGlobalSection
	GlobalSection(ProjectConfigurationPlatforms) = postSolution
		{157D60A9-15C3-4333-B2A3-0472FF3BEF02}.Debug|Any CPU.ActiveCfg = Debug|Any CPU
		{157D60A9-15C3-4333-B2A3-0472FF3BEF02}.Debug|Any CPU.Build.0 = Debug|Any CPU
		{157D60A9-15C3-4333-B2A3-0472FF3BEF02}.Release|Any CPU.ActiveCfg = Release|Any CPU
		{157D60A9-15C3-4333-B2A3-0472FF3BEF02}.Release|Any CPU.Build.0 = Release|Any CPU
	EndGlobalSection
	GlobalSection(SolutionProperties) = preSolution
		HideSolutionNode = FALSE
	EndGlobalSection
	GlobalSection(ExtensibilityGlobals) = postSolution
		SolutionGuid = {78FA9EC0-D30D-4FF4-90D1-CA959451E019}
	EndGlobalSection
EndGlobal
